
Microsoft Visual Studio Solution File, Format Version 12.00
# Visual Studio Version 17
VisualStudioVersion = 17.5.33516.290
MinimumVisualStudioVersion = 10.0.40219.1
Project("{FAE04EC0-301F-11D3-BF4B-00C04F79EFBC}") = "FinalSol", "FinalSol.csproj", "{3E3C2864-479F-4F30-A111-88A26F3560BE}"
EndProject
Global
	GlobalSection(SolutionConfigurationPlatforms) = preSolution
		Debug|Any CPU = Debug|Any CPU
		Release|Any CPU = Release|Any CPU
	EndGlobalSection
	GlobalSection(ProjectConfigurationPlatforms) = postSolution
		{3E3C2864-479F-4F30-A111-88A26F3560BE}.Debug|Any CPU.ActiveCfg = Debug|Any CPU
		{3E3C2864-479F-4F30-A111-88A26F3560BE}.Debug|Any CPU.Build.0 = Debug|Any CPU
		{3E3C2864-479F-4F30-A111-88A26F3560BE}.Release|Any CPU.ActiveCfg = Release|Any CPU
		{3E3C2864-479F-4F30-A111-88A26F3560BE}.Release|Any CPU.Build.0 = Release|Any CPU
	EndGlobalSection
	GlobalSection(SolutionProperties) = preSolution
		HideSolutionNode = FALSE
	EndGlobalSection
	GlobalSection(ExtensibilityGlobals) = postSolution
		SolutionGuid = {60D6254B-7993-44BD-9716-927156A3EDF6}
	EndGlobalSection
EndGlobal
